
Microsoft Visual Studio Solution File, Format Version 12.00
# Visual Studio 15
VisualStudioVersion = 15.0.28010.2036
MinimumVisualStudioVersion = 10.0.40219.1
Project("{9A19103F-16F7-4668-BE54-9A1E7A4F7556}") = "RaceReg", "RaceReg\RaceReg.csproj", "{3BD72779-14B8-4B81-8A5D-5088340C46B8}"
EndProject
Project("{FAE04EC0-301F-11D3-BF4B-00C04F79EFBC}") = "RaceRegWPF", "RaceRegWPF\RaceRegWPF.csproj", "{111EEA9A-4259-4E34-9C71-D7C6DC899EF9}"
EndProject
Project("{FAE04EC0-301F-11D3-BF4B-00C04F79EFBC}") = "RaceRegOOUI", "RaceRegOOUI\RaceRegOOUI.csproj", "{A2F2676C-43CA-4E7A-BA4E-B4ADE4DEEAAA}"
EndProject
Global
	GlobalSection(SolutionConfigurationPlatforms) = preSolution
		Debug|Any CPU = Debug|Any CPU
		Release|Any CPU = Release|Any CPU
	EndGlobalSection
	GlobalSection(ProjectConfigurationPlatforms) = postSolution
		{3BD72779-14B8-4B81-8A5D-5088340C46B8}.Debug|Any CPU.ActiveCfg = Debug|Any CPU
		{3BD72779-14B8-4B81-8A5D-5088340C46B8}.Debug|Any CPU.Build.0 = Debug|Any CPU
		{3BD72779-14B8-4B81-8A5D-5088340C46B8}.Release|Any CPU.ActiveCfg = Release|Any CPU
		{3BD72779-14B8-4B81-8A5D-5088340C46B8}.Release|Any CPU.Build.0 = Release|Any CPU
		{111EEA9A-4259-4E34-9C71-D7C6DC899EF9}.Debug|Any CPU.ActiveCfg = Debug|Any CPU
		{111EEA9A-4259-4E34-9C71-D7C6DC899EF9}.Debug|Any CPU.Build.0 = Debug|Any CPU
		{111EEA9A-4259-4E34-9C71-D7C6DC899EF9}.Release|Any CPU.ActiveCfg = Release|Any CPU
		{111EEA9A-4259-4E34-9C71-D7C6DC899EF9}.Release|Any CPU.Build.0 = Release|Any CPU
		{A2F2676C-43CA-4E7A-BA4E-B4ADE4DEEAAA}.Debug|Any CPU.ActiveCfg = Debug|Any CPU
		{A2F2676C-43CA-4E7A-BA4E-B4ADE4DEEAAA}.Debug|Any CPU.Build.0 = Debug|Any CPU
		{A2F2676C-43CA-4E7A-BA4E-B4ADE4DEEAAA}.Release|Any CPU.ActiveCfg = Release|Any CPU
		{A2F2676C-43CA-4E7A-BA4E-B4ADE4DEEAAA}.Release|Any CPU.Build.0 = Release|Any CPU
	EndGlobalSection
	GlobalSection(SolutionProperties) = preSolution
		HideSolutionNode = FALSE
	EndGlobalSection
	GlobalSection(ExtensibilityGlobals) = postSolution
		SolutionGuid = {45C8BC2B-4725-4AE3-BCF9-EA63D05BCF35}
	EndGlobalSection
EndGlobal
