
Microsoft Visual Studio Solution File, Format Version 12.00
# Visual Studio 15
VisualStudioVersion = 15.0.28010.2036
MinimumVisualStudioVersion = 10.0.40219.1
Project("{9A19103F-16F7-4668-BE54-9A1E7A4F7556}") = "RaceReg", "RaceReg\RaceReg.csproj", "{3BD72779-14B8-4B81-8A5D-5088340C46B8}"
EndProject
Project("{FAE04EC0-301F-11D3-BF4B-00C04F79EFBC}") = "RaceRegWPF", "RaceRegWPF\RaceRegWPF.csproj", "{111EEA9A-4259-4E34-9C71-D7C6DC899EF9}"
EndProject
Project("{9A19103F-16F7-4668-BE54-9A1E7A4F7556}") = "RaceRegOOUI", "RaceRegOOUI\RaceRegOOUI.csproj", "{A2F2676C-43CA-4E7A-BA4E-B4ADE4DEEAAA}"
EndProject
Project("{9A19103F-16F7-4668-BE54-9A1E7A4F7556}") = "Tests", "Tests\Tests.csproj", "{5E77EF70-19B9-47E1-BDD1-0DB311807D4B}"
EndProject
Project("{FAE04EC0-301F-11D3-BF4B-00C04F79EFBC}") = "RaceRegiOS", "RaceRegiOS\RaceRegiOS.csproj", "{8739CB6A-E2D3-461C-A901-E2D2B9FF5B87}"
EndProject
Project("{9A19103F-16F7-4668-BE54-9A1E7A4F7556}") = "RaceRegAvalonia", "RaceRegAvalonia\RaceRegAvalonia.csproj", "{A1735757-C5F3-40DB-A278-3F01F21608C5}"
EndProject
Project("{FAE04EC0-301F-11D3-BF4B-00C04F79EFBC}") = "RaceRegAndroid", "RaceRegAndroid\RaceRegAndroid.csproj", "{52381C0D-EAAA-42D6-BAE9-66657B9E0A21}"
EndProject
Global
	GlobalSection(SolutionConfigurationPlatforms) = preSolution
		Debug|Any CPU = Debug|Any CPU
		Debug|iPhone = Debug|iPhone
		Debug|iPhoneSimulator = Debug|iPhoneSimulator
		Release|Any CPU = Release|Any CPU
		Release|iPhone = Release|iPhone
		Release|iPhoneSimulator = Release|iPhoneSimulator
	EndGlobalSection
	GlobalSection(ProjectConfigurationPlatforms) = postSolution
		{3BD72779-14B8-4B81-8A5D-5088340C46B8}.Debug|Any CPU.ActiveCfg = Debug|Any CPU
		{3BD72779-14B8-4B81-8A5D-5088340C46B8}.Debug|Any CPU.Build.0 = Debug|Any CPU
		{3BD72779-14B8-4B81-8A5D-5088340C46B8}.Debug|iPhone.ActiveCfg = Debug|Any CPU
		{3BD72779-14B8-4B81-8A5D-5088340C46B8}.Debug|iPhone.Build.0 = Debug|Any CPU
		{3BD72779-14B8-4B81-8A5D-5088340C46B8}.Debug|iPhoneSimulator.ActiveCfg = Debug|Any CPU
		{3BD72779-14B8-4B81-8A5D-5088340C46B8}.Debug|iPhoneSimulator.Build.0 = Debug|Any CPU
		{3BD72779-14B8-4B81-8A5D-5088340C46B8}.Release|Any CPU.ActiveCfg = Release|Any CPU
		{3BD72779-14B8-4B81-8A5D-5088340C46B8}.Release|Any CPU.Build.0 = Release|Any CPU
		{3BD72779-14B8-4B81-8A5D-5088340C46B8}.Release|iPhone.ActiveCfg = Release|Any CPU
		{3BD72779-14B8-4B81-8A5D-5088340C46B8}.Release|iPhone.Build.0 = Release|Any CPU
		{3BD72779-14B8-4B81-8A5D-5088340C46B8}.Release|iPhoneSimulator.ActiveCfg = Release|Any CPU
		{3BD72779-14B8-4B81-8A5D-5088340C46B8}.Release|iPhoneSimulator.Build.0 = Release|Any CPU
		{111EEA9A-4259-4E34-9C71-D7C6DC899EF9}.Debug|Any CPU.ActiveCfg = Debug|Any CPU
		{111EEA9A-4259-4E34-9C71-D7C6DC899EF9}.Debug|Any CPU.Build.0 = Debug|Any CPU
		{111EEA9A-4259-4E34-9C71-D7C6DC899EF9}.Debug|iPhone.ActiveCfg = Debug|Any CPU
		{111EEA9A-4259-4E34-9C71-D7C6DC899EF9}.Debug|iPhone.Build.0 = Debug|Any CPU
		{111EEA9A-4259-4E34-9C71-D7C6DC899EF9}.Debug|iPhoneSimulator.ActiveCfg = Debug|Any CPU
		{111EEA9A-4259-4E34-9C71-D7C6DC899EF9}.Debug|iPhoneSimulator.Build.0 = Debug|Any CPU
		{111EEA9A-4259-4E34-9C71-D7C6DC899EF9}.Release|Any CPU.ActiveCfg = Release|Any CPU
		{111EEA9A-4259-4E34-9C71-D7C6DC899EF9}.Release|Any CPU.Build.0 = Release|Any CPU
		{111EEA9A-4259-4E34-9C71-D7C6DC899EF9}.Release|iPhone.ActiveCfg = Release|Any CPU
		{111EEA9A-4259-4E34-9C71-D7C6DC899EF9}.Release|iPhone.Build.0 = Release|Any CPU
		{111EEA9A-4259-4E34-9C71-D7C6DC899EF9}.Release|iPhoneSimulator.ActiveCfg = Release|Any CPU
		{111EEA9A-4259-4E34-9C71-D7C6DC899EF9}.Release|iPhoneSimulator.Build.0 = Release|Any CPU
		{A2F2676C-43CA-4E7A-BA4E-B4ADE4DEEAAA}.Debug|Any CPU.ActiveCfg = Debug|Any CPU
		{A2F2676C-43CA-4E7A-BA4E-B4ADE4DEEAAA}.Debug|Any CPU.Build.0 = Debug|Any CPU
		{A2F2676C-43CA-4E7A-BA4E-B4ADE4DEEAAA}.Debug|iPhone.ActiveCfg = Debug|Any CPU
		{A2F2676C-43CA-4E7A-BA4E-B4ADE4DEEAAA}.Debug|iPhone.Build.0 = Debug|Any CPU
		{A2F2676C-43CA-4E7A-BA4E-B4ADE4DEEAAA}.Debug|iPhoneSimulator.ActiveCfg = Debug|Any CPU
		{A2F2676C-43CA-4E7A-BA4E-B4ADE4DEEAAA}.Debug|iPhoneSimulator.Build.0 = Debug|Any CPU
		{A2F2676C-43CA-4E7A-BA4E-B4ADE4DEEAAA}.Release|Any CPU.ActiveCfg = Release|Any CPU
		{A2F2676C-43CA-4E7A-BA4E-B4ADE4DEEAAA}.Release|Any CPU.Build.0 = Release|Any CPU
		{A2F2676C-43CA-4E7A-BA4E-B4ADE4DEEAAA}.Release|iPhone.ActiveCfg = Release|Any CPU
		{A2F2676C-43CA-4E7A-BA4E-B4ADE4DEEAAA}.Release|iPhone.Build.0 = Release|Any CPU
		{A2F2676C-43CA-4E7A-BA4E-B4ADE4DEEAAA}.Release|iPhoneSimulator.ActiveCfg = Release|Any CPU
		{A2F2676C-43CA-4E7A-BA4E-B4ADE4DEEAAA}.Release|iPhoneSimulator.Build.0 = Release|Any CPU
		{5E77EF70-19B9-47E1-BDD1-0DB311807D4B}.Debug|Any CPU.ActiveCfg = Debug|Any CPU
		{5E77EF70-19B9-47E1-BDD1-0DB311807D4B}.Debug|Any CPU.Build.0 = Debug|Any CPU
		{5E77EF70-19B9-47E1-BDD1-0DB311807D4B}.Debug|iPhone.ActiveCfg = Debug|Any CPU
		{5E77EF70-19B9-47E1-BDD1-0DB311807D4B}.Debug|iPhone.Build.0 = Debug|Any CPU
		{5E77EF70-19B9-47E1-BDD1-0DB311807D4B}.Debug|iPhoneSimulator.ActiveCfg = Debug|Any CPU
		{5E77EF70-19B9-47E1-BDD1-0DB311807D4B}.Debug|iPhoneSimulator.Build.0 = Debug|Any CPU
		{5E77EF70-19B9-47E1-BDD1-0DB311807D4B}.Release|Any CPU.ActiveCfg = Release|Any CPU
		{5E77EF70-19B9-47E1-BDD1-0DB311807D4B}.Release|Any CPU.Build.0 = Release|Any CPU
		{5E77EF70-19B9-47E1-BDD1-0DB311807D4B}.Release|iPhone.ActiveCfg = Release|Any CPU
		{5E77EF70-19B9-47E1-BDD1-0DB311807D4B}.Release|iPhone.Build.0 = Release|Any CPU
		{5E77EF70-19B9-47E1-BDD1-0DB311807D4B}.Release|iPhoneSimulator.ActiveCfg = Release|Any CPU
		{5E77EF70-19B9-47E1-BDD1-0DB311807D4B}.Release|iPhoneSimulator.Build.0 = Release|Any CPU
		{8739CB6A-E2D3-461C-A901-E2D2B9FF5B87}.Debug|Any CPU.ActiveCfg = Debug|iPhoneSimulator
		{8739CB6A-E2D3-461C-A901-E2D2B9FF5B87}.Debug|Any CPU.Build.0 = Debug|iPhoneSimulator
		{8739CB6A-E2D3-461C-A901-E2D2B9FF5B87}.Debug|iPhone.ActiveCfg = Debug|iPhone
		{8739CB6A-E2D3-461C-A901-E2D2B9FF5B87}.Debug|iPhone.Build.0 = Debug|iPhone
		{8739CB6A-E2D3-461C-A901-E2D2B9FF5B87}.Debug|iPhoneSimulator.ActiveCfg = Debug|iPhoneSimulator
		{8739CB6A-E2D3-461C-A901-E2D2B9FF5B87}.Debug|iPhoneSimulator.Build.0 = Debug|iPhoneSimulator
		{8739CB6A-E2D3-461C-A901-E2D2B9FF5B87}.Release|Any CPU.ActiveCfg = Release|iPhone
		{8739CB6A-E2D3-461C-A901-E2D2B9FF5B87}.Release|Any CPU.Build.0 = Release|iPhone
		{8739CB6A-E2D3-461C-A901-E2D2B9FF5B87}.Release|iPhone.ActiveCfg = Release|iPhone
		{8739CB6A-E2D3-461C-A901-E2D2B9FF5B87}.Release|iPhone.Build.0 = Release|iPhone
		{8739CB6A-E2D3-461C-A901-E2D2B9FF5B87}.Release|iPhoneSimulator.ActiveCfg = Release|iPhoneSimulator
		{8739CB6A-E2D3-461C-A901-E2D2B9FF5B87}.Release|iPhoneSimulator.Build.0 = Release|iPhoneSimulator
		{A1735757-C5F3-40DB-A278-3F01F21608C5}.Debug|Any CPU.ActiveCfg = Debug|Any CPU
		{A1735757-C5F3-40DB-A278-3F01F21608C5}.Debug|Any CPU.Build.0 = Debug|Any CPU
		{A1735757-C5F3-40DB-A278-3F01F21608C5}.Debug|iPhone.ActiveCfg = Debug|Any CPU
		{A1735757-C5F3-40DB-A278-3F01F21608C5}.Debug|iPhone.Build.0 = Debug|Any CPU
		{A1735757-C5F3-40DB-A278-3F01F21608C5}.Debug|iPhoneSimulator.ActiveCfg = Debug|Any CPU
		{A1735757-C5F3-40DB-A278-3F01F21608C5}.Debug|iPhoneSimulator.Build.0 = Debug|Any CPU
		{A1735757-C5F3-40DB-A278-3F01F21608C5}.Release|Any CPU.ActiveCfg = Release|Any CPU
		{A1735757-C5F3-40DB-A278-3F01F21608C5}.Release|Any CPU.Build.0 = Release|Any CPU
		{A1735757-C5F3-40DB-A278-3F01F21608C5}.Release|iPhone.ActiveCfg = Release|Any CPU
		{A1735757-C5F3-40DB-A278-3F01F21608C5}.Release|iPhone.Build.0 = Release|Any CPU
		{A1735757-C5F3-40DB-A278-3F01F21608C5}.Release|iPhoneSimulator.ActiveCfg = Release|Any CPU
		{A1735757-C5F3-40DB-A278-3F01F21608C5}.Release|iPhoneSimulator.Build.0 = Release|Any CPU
		{52381C0D-EAAA-42D6-BAE9-66657B9E0A21}.Debug|Any CPU.ActiveCfg = Debug|Any CPU
		{52381C0D-EAAA-42D6-BAE9-66657B9E0A21}.Debug|Any CPU.Build.0 = Debug|Any CPU
		{52381C0D-EAAA-42D6-BAE9-66657B9E0A21}.Debug|Any CPU.Deploy.0 = Debug|Any CPU
		{52381C0D-EAAA-42D6-BAE9-66657B9E0A21}.Debug|iPhone.ActiveCfg = Debug|Any CPU
		{52381C0D-EAAA-42D6-BAE9-66657B9E0A21}.Debug|iPhone.Build.0 = Debug|Any CPU
		{52381C0D-EAAA-42D6-BAE9-66657B9E0A21}.Debug|iPhone.Deploy.0 = Debug|Any CPU
		{52381C0D-EAAA-42D6-BAE9-66657B9E0A21}.Debug|iPhoneSimulator.ActiveCfg = Debug|Any CPU
		{52381C0D-EAAA-42D6-BAE9-66657B9E0A21}.Debug|iPhoneSimulator.Build.0 = Debug|Any CPU
		{52381C0D-EAAA-42D6-BAE9-66657B9E0A21}.Debug|iPhoneSimulator.Deploy.0 = Debug|Any CPU
		{52381C0D-EAAA-42D6-BAE9-66657B9E0A21}.Release|Any CPU.ActiveCfg = Release|Any CPU
		{52381C0D-EAAA-42D6-BAE9-66657B9E0A21}.Release|Any CPU.Build.0 = Release|Any CPU
		{52381C0D-EAAA-42D6-BAE9-66657B9E0A21}.Release|Any CPU.Deploy.0 = Release|Any CPU
		{52381C0D-EAAA-42D6-BAE9-66657B9E0A21}.Release|iPhone.ActiveCfg = Release|Any CPU
		{52381C0D-EAAA-42D6-BAE9-66657B9E0A21}.Release|iPhone.Build.0 = Release|Any CPU
		{52381C0D-EAAA-42D6-BAE9-66657B9E0A21}.Release|iPhone.Deploy.0 = Release|Any CPU
		{52381C0D-EAAA-42D6-BAE9-66657B9E0A21}.Release|iPhoneSimulator.ActiveCfg = Release|Any CPU
		{52381C0D-EAAA-42D6-BAE9-66657B9E0A21}.Release|iPhoneSimulator.Build.0 = Release|Any CPU
		{52381C0D-EAAA-42D6-BAE9-66657B9E0A21}.Release|iPhoneSimulator.Deploy.0 = Release|Any CPU
	EndGlobalSection
	GlobalSection(SolutionProperties) = preSolution
		HideSolutionNode = FALSE
	EndGlobalSection
	GlobalSection(ExtensibilityGlobals) = postSolution
		SolutionGuid = {45C8BC2B-4725-4AE3-BCF9-EA63D05BCF35}
	EndGlobalSection
EndGlobal
