
Microsoft Visual Studio Solution File, Format Version 12.00
# Visual Studio 15
VisualStudioVersion = 15.0.28010.2036
MinimumVisualStudioVersion = 10.0.40219.1
Project("{9A19103F-16F7-4668-BE54-9A1E7A4F7556}") = "RaceReg", "RaceReg\RaceReg.csproj", "{3BD72779-14B8-4B81-8A5D-5088340C46B8}"
EndProject
Project("{FAE04EC0-301F-11D3-BF4B-00C04F79EFBC}") = "RaceRegWPF", "RaceRegWPF\RaceRegWPF.csproj", "{111EEA9A-4259-4E34-9C71-D7C6DC899EF9}"
EndProject
Project("{9A19103F-16F7-4668-BE54-9A1E7A4F7556}") = "Tests", "Tests\Tests.csproj", "{5E77EF70-19B9-47E1-BDD1-0DB311807D4B}"
EndProject
Global
	GlobalSection(SolutionConfigurationPlatforms) = preSolution
		Debug|Any CPU = Debug|Any CPU
		Debug|ARM = Debug|ARM
		Debug|iPhone = Debug|iPhone
		Debug|iPhoneSimulator = Debug|iPhoneSimulator
		Debug|x64 = Debug|x64
		Debug|x86 = Debug|x86
		Release|Any CPU = Release|Any CPU
		Release|ARM = Release|ARM
		Release|iPhone = Release|iPhone
		Release|iPhoneSimulator = Release|iPhoneSimulator
		Release|x64 = Release|x64
		Release|x86 = Release|x86
	EndGlobalSection
	GlobalSection(ProjectConfigurationPlatforms) = postSolution
		{3BD72779-14B8-4B81-8A5D-5088340C46B8}.Debug|Any CPU.ActiveCfg = Debug|Any CPU
		{3BD72779-14B8-4B81-8A5D-5088340C46B8}.Debug|Any CPU.Build.0 = Debug|Any CPU
		{3BD72779-14B8-4B81-8A5D-5088340C46B8}.Debug|ARM.ActiveCfg = Debug|Any CPU
		{3BD72779-14B8-4B81-8A5D-5088340C46B8}.Debug|ARM.Build.0 = Debug|Any CPU
		{3BD72779-14B8-4B81-8A5D-5088340C46B8}.Debug|iPhone.ActiveCfg = Debug|Any CPU
		{3BD72779-14B8-4B81-8A5D-5088340C46B8}.Debug|iPhone.Build.0 = Debug|Any CPU
		{3BD72779-14B8-4B81-8A5D-5088340C46B8}.Debug|iPhoneSimulator.ActiveCfg = Debug|Any CPU
		{3BD72779-14B8-4B81-8A5D-5088340C46B8}.Debug|iPhoneSimulator.Build.0 = Debug|Any CPU
		{3BD72779-14B8-4B81-8A5D-5088340C46B8}.Debug|x64.ActiveCfg = Debug|Any CPU
		{3BD72779-14B8-4B81-8A5D-5088340C46B8}.Debug|x64.Build.0 = Debug|Any CPU
		{3BD72779-14B8-4B81-8A5D-5088340C46B8}.Debug|x86.ActiveCfg = Debug|Any CPU
		{3BD72779-14B8-4B81-8A5D-5088340C46B8}.Debug|x86.Build.0 = Debug|Any CPU
		{3BD72779-14B8-4B81-8A5D-5088340C46B8}.Release|Any CPU.ActiveCfg = Release|Any CPU
		{3BD72779-14B8-4B81-8A5D-5088340C46B8}.Release|Any CPU.Build.0 = Release|Any CPU
		{3BD72779-14B8-4B81-8A5D-5088340C46B8}.Release|ARM.ActiveCfg = Release|Any CPU
		{3BD72779-14B8-4B81-8A5D-5088340C46B8}.Release|ARM.Build.0 = Release|Any CPU
		{3BD72779-14B8-4B81-8A5D-5088340C46B8}.Release|iPhone.ActiveCfg = Release|Any CPU
		{3BD72779-14B8-4B81-8A5D-5088340C46B8}.Release|iPhone.Build.0 = Release|Any CPU
		{3BD72779-14B8-4B81-8A5D-5088340C46B8}.Release|iPhoneSimulator.ActiveCfg = Release|Any CPU
		{3BD72779-14B8-4B81-8A5D-5088340C46B8}.Release|iPhoneSimulator.Build.0 = Release|Any CPU
		{3BD72779-14B8-4B81-8A5D-5088340C46B8}.Release|x64.ActiveCfg = Release|Any CPU
		{3BD72779-14B8-4B81-8A5D-5088340C46B8}.Release|x64.Build.0 = Release|Any CPU
		{3BD72779-14B8-4B81-8A5D-5088340C46B8}.Release|x86.ActiveCfg = Release|Any CPU
		{3BD72779-14B8-4B81-8A5D-5088340C46B8}.Release|x86.Build.0 = Release|Any CPU
		{111EEA9A-4259-4E34-9C71-D7C6DC899EF9}.Debug|Any CPU.ActiveCfg = Debug|Any CPU
		{111EEA9A-4259-4E34-9C71-D7C6DC899EF9}.Debug|Any CPU.Build.0 = Debug|Any CPU
		{111EEA9A-4259-4E34-9C71-D7C6DC899EF9}.Debug|ARM.ActiveCfg = Debug|Any CPU
		{111EEA9A-4259-4E34-9C71-D7C6DC899EF9}.Debug|ARM.Build.0 = Debug|Any CPU
		{111EEA9A-4259-4E34-9C71-D7C6DC899EF9}.Debug|iPhone.ActiveCfg = Debug|Any CPU
		{111EEA9A-4259-4E34-9C71-D7C6DC899EF9}.Debug|iPhone.Build.0 = Debug|Any CPU
		{111EEA9A-4259-4E34-9C71-D7C6DC899EF9}.Debug|iPhoneSimulator.ActiveCfg = Debug|Any CPU
		{111EEA9A-4259-4E34-9C71-D7C6DC899EF9}.Debug|iPhoneSimulator.Build.0 = Debug|Any CPU
		{111EEA9A-4259-4E34-9C71-D7C6DC899EF9}.Debug|x64.ActiveCfg = Debug|Any CPU
		{111EEA9A-4259-4E34-9C71-D7C6DC899EF9}.Debug|x64.Build.0 = Debug|Any CPU
		{111EEA9A-4259-4E34-9C71-D7C6DC899EF9}.Debug|x86.ActiveCfg = Debug|Any CPU
		{111EEA9A-4259-4E34-9C71-D7C6DC899EF9}.Debug|x86.Build.0 = Debug|Any CPU
		{111EEA9A-4259-4E34-9C71-D7C6DC899EF9}.Release|Any CPU.ActiveCfg = Release|Any CPU
		{111EEA9A-4259-4E34-9C71-D7C6DC899EF9}.Release|Any CPU.Build.0 = Release|Any CPU
		{111EEA9A-4259-4E34-9C71-D7C6DC899EF9}.Release|ARM.ActiveCfg = Release|Any CPU
		{111EEA9A-4259-4E34-9C71-D7C6DC899EF9}.Release|ARM.Build.0 = Release|Any CPU
		{111EEA9A-4259-4E34-9C71-D7C6DC899EF9}.Release|iPhone.ActiveCfg = Release|Any CPU
		{111EEA9A-4259-4E34-9C71-D7C6DC899EF9}.Release|iPhone.Build.0 = Release|Any CPU
		{111EEA9A-4259-4E34-9C71-D7C6DC899EF9}.Release|iPhoneSimulator.ActiveCfg = Release|Any CPU
		{111EEA9A-4259-4E34-9C71-D7C6DC899EF9}.Release|iPhoneSimulator.Build.0 = Release|Any CPU
		{111EEA9A-4259-4E34-9C71-D7C6DC899EF9}.Release|x64.ActiveCfg = Release|Any CPU
		{111EEA9A-4259-4E34-9C71-D7C6DC899EF9}.Release|x64.Build.0 = Release|Any CPU
		{111EEA9A-4259-4E34-9C71-D7C6DC899EF9}.Release|x86.ActiveCfg = Release|Any CPU
		{111EEA9A-4259-4E34-9C71-D7C6DC899EF9}.Release|x86.Build.0 = Release|Any CPU
		{5E77EF70-19B9-47E1-BDD1-0DB311807D4B}.Debug|Any CPU.ActiveCfg = Debug|Any CPU
		{5E77EF70-19B9-47E1-BDD1-0DB311807D4B}.Debug|Any CPU.Build.0 = Debug|Any CPU
		{5E77EF70-19B9-47E1-BDD1-0DB311807D4B}.Debug|ARM.ActiveCfg = Debug|Any CPU
		{5E77EF70-19B9-47E1-BDD1-0DB311807D4B}.Debug|ARM.Build.0 = Debug|Any CPU
		{5E77EF70-19B9-47E1-BDD1-0DB311807D4B}.Debug|iPhone.ActiveCfg = Debug|Any CPU
		{5E77EF70-19B9-47E1-BDD1-0DB311807D4B}.Debug|iPhone.Build.0 = Debug|Any CPU
		{5E77EF70-19B9-47E1-BDD1-0DB311807D4B}.Debug|iPhoneSimulator.ActiveCfg = Debug|Any CPU
		{5E77EF70-19B9-47E1-BDD1-0DB311807D4B}.Debug|iPhoneSimulator.Build.0 = Debug|Any CPU
		{5E77EF70-19B9-47E1-BDD1-0DB311807D4B}.Debug|x64.ActiveCfg = Debug|Any CPU
		{5E77EF70-19B9-47E1-BDD1-0DB311807D4B}.Debug|x64.Build.0 = Debug|Any CPU
		{5E77EF70-19B9-47E1-BDD1-0DB311807D4B}.Debug|x86.ActiveCfg = Debug|Any CPU
		{5E77EF70-19B9-47E1-BDD1-0DB311807D4B}.Debug|x86.Build.0 = Debug|Any CPU
		{5E77EF70-19B9-47E1-BDD1-0DB311807D4B}.Release|Any CPU.ActiveCfg = Release|Any CPU
		{5E77EF70-19B9-47E1-BDD1-0DB311807D4B}.Release|Any CPU.Build.0 = Release|Any CPU
		{5E77EF70-19B9-47E1-BDD1-0DB311807D4B}.Release|ARM.ActiveCfg = Release|Any CPU
		{5E77EF70-19B9-47E1-BDD1-0DB311807D4B}.Release|ARM.Build.0 = Release|Any CPU
		{5E77EF70-19B9-47E1-BDD1-0DB311807D4B}.Release|iPhone.ActiveCfg = Release|Any CPU
		{5E77EF70-19B9-47E1-BDD1-0DB311807D4B}.Release|iPhone.Build.0 = Release|Any CPU
		{5E77EF70-19B9-47E1-BDD1-0DB311807D4B}.Release|iPhoneSimulator.ActiveCfg = Release|Any CPU
		{5E77EF70-19B9-47E1-BDD1-0DB311807D4B}.Release|iPhoneSimulator.Build.0 = Release|Any CPU
		{5E77EF70-19B9-47E1-BDD1-0DB311807D4B}.Release|x64.ActiveCfg = Release|Any CPU
		{5E77EF70-19B9-47E1-BDD1-0DB311807D4B}.Release|x64.Build.0 = Release|Any CPU
		{5E77EF70-19B9-47E1-BDD1-0DB311807D4B}.Release|x86.ActiveCfg = Release|Any CPU
		{5E77EF70-19B9-47E1-BDD1-0DB311807D4B}.Release|x86.Build.0 = Release|Any CPU
	EndGlobalSection
	GlobalSection(SolutionProperties) = preSolution
		HideSolutionNode = FALSE
	EndGlobalSection
	GlobalSection(ExtensibilityGlobals) = postSolution
		SolutionGuid = {45C8BC2B-4725-4AE3-BCF9-EA63D05BCF35}
	EndGlobalSection
EndGlobal
